{
	"name": "@maxi-js/server",
	"version": "0.0.0",
	"lockfileVersion": 1,
	"requires": true,
	"dependencies": {
		"@types/aws-lambda": {
			"version": "8.10.24",
			"resolved": "https://registry.npmjs.org/@types/aws-lambda/-/aws-lambda-8.10.24.tgz",
			"integrity": "sha512-9F70bcb2oBGZUZCyisE1Ap3vwgt04uiSmr4s9mhQf89vBrttgraBs2Rc8l9YrKiemCndCH7wxnYNWk5qEuv6rA==",
			"dev": true
		},
		"@types/node": {
			"version": "11.13.8",
			"resolved": "https://registry.npmjs.org/@types/node/-/node-11.13.8.tgz",
			"integrity": "sha512-szA3x/3miL90ZJxUCzx9haNbK5/zmPieGraZEe4WI+3srN0eGLiT22NXeMHmyhNEopn+IrxqMc7wdVwvPl8meg==",
			"dev": true
		}
	}
}
